// !$*UTF8*$!
{
	archiveVersion = 1;
	classes = {
	};
	objectVersion = 48;
	objects = {

/* Begin PBXBuildFile section */
		3309FFA220003747006D254F /* ImmigrationApplication.swift in Sources */ = {isa = PBXBuildFile; fileRef = 3309FFA120003747006D254F /* ImmigrationApplication.swift */; };
		3309FFA6200041BC006D254F /* Requirement.swift in Sources */ = {isa = PBXBuildFile; fileRef = 3309FFA5200041BC006D254F /* Requirement.swift */; };
		3309FFA8200041E2006D254F /* RequirementsTVC.swift in Sources */ = {isa = PBXBuildFile; fileRef = 3309FFA7200041E2006D254F /* RequirementsTVC.swift */; };
		3309FFAA20004277006D254F /* RequirementTVCell.swift in Sources */ = {isa = PBXBuildFile; fileRef = 3309FFA920004277006D254F /* RequirementTVCell.swift */; };
		332D18E31FE9D3EB00AFE3A5 /* Extensions.swift in Sources */ = {isa = PBXBuildFile; fileRef = 332D18E21FE9D3EB00AFE3A5 /* Extensions.swift */; };
		332D18E51FE9DA7200AFE3A5 /* SplashVC.swift in Sources */ = {isa = PBXBuildFile; fileRef = 332D18E41FE9DA7200AFE3A5 /* SplashVC.swift */; };
		332D18E71FEA021E00AFE3A5 /* SideMenuVC.swift in Sources */ = {isa = PBXBuildFile; fileRef = 332D18E61FEA021E00AFE3A5 /* SideMenuVC.swift */; };
		332D18E91FEA256900AFE3A5 /* AboutVC.swift in Sources */ = {isa = PBXBuildFile; fileRef = 332D18E81FEA256900AFE3A5 /* AboutVC.swift */; };
		332D18EB1FEA257B00AFE3A5 /* ContactVC.swift in Sources */ = {isa = PBXBuildFile; fileRef = 332D18EA1FEA257B00AFE3A5 /* ContactVC.swift */; };
		332D18EE1FEA3D2500AFE3A5 /* GoogleService-Info.plist in Resources */ = {isa = PBXBuildFile; fileRef = 332D18ED1FEA3CDE00AFE3A5 /* GoogleService-Info.plist */; };
		332D18F01FEA40E800AFE3A5 /* ApplicationsTVC.swift in Sources */ = {isa = PBXBuildFile; fileRef = 332D18EF1FEA40E800AFE3A5 /* ApplicationsTVC.swift */; };
		334043D020287DBD00E0FFC5 /* CardDetailsVC.swift in Sources */ = {isa = PBXBuildFile; fileRef = 334043CF20287DBD00E0FFC5 /* CardDetailsVC.swift */; };
		3366E3331FD763240009B7AC /* Urls.swift in Sources */ = {isa = PBXBuildFile; fileRef = 3366E3321FD763240009B7AC /* Urls.swift */; };
		3397B3C71FD6870E00351A26 /* RegisterVC.swift in Sources */ = {isa = PBXBuildFile; fileRef = 3397B3C61FD6870E00351A26 /* RegisterVC.swift */; };
		3397B3CA1FD6896A00351A26 /* VisaServicesTVC.swift in Sources */ = {isa = PBXBuildFile; fileRef = 3397B3C91FD6896A00351A26 /* VisaServicesTVC.swift */; };
		3397B3CD1FD68B6400351A26 /* VisaServicesTVCell.swift in Sources */ = {isa = PBXBuildFile; fileRef = 3397B3CC1FD68B6400351A26 /* VisaServicesTVCell.swift */; };
		3397B3D01FD68E3300351A26 /* Visa.swift in Sources */ = {isa = PBXBuildFile; fileRef = 3397B3CF1FD68E3300351A26 /* Visa.swift */; };
		33A7C5B52044212F008FCF82 /* CardDetailsTVC.swift in Sources */ = {isa = PBXBuildFile; fileRef = 33A7C5B42044212F008FCF82 /* CardDetailsTVC.swift */; };
		33A7C5B7204441D9008FCF82 /* MoreInfoTVC.swift in Sources */ = {isa = PBXBuildFile; fileRef = 33A7C5B6204441D9008FCF82 /* MoreInfoTVC.swift */; };
		33AE771F1FDA4DCE00BE0228 /* VisaOptionsTVC.swift in Sources */ = {isa = PBXBuildFile; fileRef = 33AE771E1FDA4DCE00BE0228 /* VisaOptionsTVC.swift */; };
		33E5C46B2029EEB40073998E /* RegisterTVC.swift in Sources */ = {isa = PBXBuildFile; fileRef = 33E5C46A2029EEB40073998E /* RegisterTVC.swift */; };
		33F74FBB1FD232BC0087472F /* AppDelegate.swift in Sources */ = {isa = PBXBuildFile; fileRef = 33F74FBA1FD232BC0087472F /* AppDelegate.swift */; };
		33F74FBD1FD232BC0087472F /* LoginVC.swift in Sources */ = {isa = PBXBuildFile; fileRef = 33F74FBC1FD232BC0087472F /* LoginVC.swift */; };
		33F74FC01FD232BC0087472F /* Main.storyboard in Resources */ = {isa = PBXBuildFile; fileRef = 33F74FBE1FD232BC0087472F /* Main.storyboard */; };
		33F74FC21FD232BC0087472F /* Assets.xcassets in Resources */ = {isa = PBXBuildFile; fileRef = 33F74FC11FD232BC0087472F /* Assets.xcassets */; };
		33F74FC51FD232BC0087472F /* LaunchScreen.storyboard in Resources */ = {isa = PBXBuildFile; fileRef = 33F74FC31FD232BC0087472F /* LaunchScreen.storyboard */; };
		BD7FCA6312D7C802CE6D6E09 /* Pods_Beyond_Management.framework in Frameworks */ = {isa = PBXBuildFile; fileRef = 3802F7A8E902DE38F50E3B0E /* Pods_Beyond_Management.framework */; };
/* End PBXBuildFile section */

/* Begin PBXFileReference section */
		3309FFA120003747006D254F /* ImmigrationApplication.swift */ = {isa = PBXFileReference; lastKnownFileType = sourcecode.swift; path = ImmigrationApplication.swift; sourceTree = "<group>"; };
		3309FFA5200041BC006D254F /* Requirement.swift */ = {isa = PBXFileReference; lastKnownFileType = sourcecode.swift; path = Requirement.swift; sourceTree = "<group>"; };
		3309FFA7200041E2006D254F /* RequirementsTVC.swift */ = {isa = PBXFileReference; lastKnownFileType = sourcecode.swift; path = RequirementsTVC.swift; sourceTree = "<group>"; };
		3309FFA920004277006D254F /* RequirementTVCell.swift */ = {isa = PBXFileReference; lastKnownFileType = sourcecode.swift; path = RequirementTVCell.swift; sourceTree = "<group>"; };
		332D18E21FE9D3EB00AFE3A5 /* Extensions.swift */ = {isa = PBXFileReference; lastKnownFileType = sourcecode.swift; path = Extensions.swift; sourceTree = "<group>"; };
		332D18E41FE9DA7200AFE3A5 /* SplashVC.swift */ = {isa = PBXFileReference; lastKnownFileType = sourcecode.swift; path = SplashVC.swift; sourceTree = "<group>"; };
		332D18E61FEA021E00AFE3A5 /* SideMenuVC.swift */ = {isa = PBXFileReference; lastKnownFileType = sourcecode.swift; path = SideMenuVC.swift; sourceTree = "<group>"; };
		332D18E81FEA256900AFE3A5 /* AboutVC.swift */ = {isa = PBXFileReference; lastKnownFileType = sourcecode.swift; path = AboutVC.swift; sourceTree = "<group>"; };
		332D18EA1FEA257B00AFE3A5 /* ContactVC.swift */ = {isa = PBXFileReference; lastKnownFileType = sourcecode.swift; path = ContactVC.swift; sourceTree = "<group>"; };
		332D18ED1FEA3CDE00AFE3A5 /* GoogleService-Info.plist */ = {isa = PBXFileReference; lastKnownFileType = text.plist.xml; path = "GoogleService-Info.plist"; sourceTree = "<group>"; };
		332D18EF1FEA40E800AFE3A5 /* ApplicationsTVC.swift */ = {isa = PBXFileReference; lastKnownFileType = sourcecode.swift; path = ApplicationsTVC.swift; sourceTree = "<group>"; wrapsLines = 0; };
		334043CF20287DBD00E0FFC5 /* CardDetailsVC.swift */ = {isa = PBXFileReference; lastKnownFileType = sourcecode.swift; path = CardDetailsVC.swift; sourceTree = "<group>"; };
		3366E3321FD763240009B7AC /* Urls.swift */ = {isa = PBXFileReference; lastKnownFileType = sourcecode.swift; path = Urls.swift; sourceTree = "<group>"; };
		338C2AF420002668009A4626 /* Beyond Management.entitlements */ = {isa = PBXFileReference; lastKnownFileType = text.plist.entitlements; path = "Beyond Management.entitlements"; sourceTree = "<group>"; };
		3397B3C61FD6870E00351A26 /* RegisterVC.swift */ = {isa = PBXFileReference; lastKnownFileType = sourcecode.swift; path = RegisterVC.swift; sourceTree = "<group>"; };
		3397B3C91FD6896A00351A26 /* VisaServicesTVC.swift */ = {isa = PBXFileReference; lastKnownFileType = sourcecode.swift; path = VisaServicesTVC.swift; sourceTree = "<group>"; };
		3397B3CC1FD68B6400351A26 /* VisaServicesTVCell.swift */ = {isa = PBXFileReference; lastKnownFileType = sourcecode.swift; path = VisaServicesTVCell.swift; sourceTree = "<group>"; };
		3397B3CF1FD68E3300351A26 /* Visa.swift */ = {isa = PBXFileReference; lastKnownFileType = sourcecode.swift; path = Visa.swift; sourceTree = "<group>"; };
		33A7C5B42044212F008FCF82 /* CardDetailsTVC.swift */ = {isa = PBXFileReference; lastKnownFileType = sourcecode.swift; path = CardDetailsTVC.swift; sourceTree = "<group>"; };
		33A7C5B6204441D9008FCF82 /* MoreInfoTVC.swift */ = {isa = PBXFileReference; lastKnownFileType = sourcecode.swift; path = MoreInfoTVC.swift; sourceTree = "<group>"; };
		33AE771E1FDA4DCE00BE0228 /* VisaOptionsTVC.swift */ = {isa = PBXFileReference; lastKnownFileType = sourcecode.swift; path = VisaOptionsTVC.swift; sourceTree = "<group>"; };
		33E5C46A2029EEB40073998E /* RegisterTVC.swift */ = {isa = PBXFileReference; lastKnownFileType = sourcecode.swift; path = RegisterTVC.swift; sourceTree = "<group>"; };
		33F74FB71FD232BC0087472F /* Beyond Management.app */ = {isa = PBXFileReference; explicitFileType = wrapper.application; includeInIndex = 0; path = "Beyond Management.app"; sourceTree = BUILT_PRODUCTS_DIR; };
		33F74FBA1FD232BC0087472F /* AppDelegate.swift */ = {isa = PBXFileReference; lastKnownFileType = sourcecode.swift; path = AppDelegate.swift; sourceTree = "<group>"; };
		33F74FBC1FD232BC0087472F /* LoginVC.swift */ = {isa = PBXFileReference; lastKnownFileType = sourcecode.swift; path = LoginVC.swift; sourceTree = "<group>"; };
		33F74FBF1FD232BC0087472F /* Base */ = {isa = PBXFileReference; lastKnownFileType = file.storyboard; name = Base; path = Base.lproj/Main.storyboard; sourceTree = "<group>"; };
		33F74FC11FD232BC0087472F /* Assets.xcassets */ = {isa = PBXFileReference; lastKnownFileType = folder.assetcatalog; path = Assets.xcassets; sourceTree = "<group>"; };
		33F74FC41FD232BC0087472F /* Base */ = {isa = PBXFileReference; lastKnownFileType = file.storyboard; name = Base; path = Base.lproj/LaunchScreen.storyboard; sourceTree = "<group>"; };
		33F74FC61FD232BC0087472F /* Info.plist */ = {isa = PBXFileReference; lastKnownFileType = text.plist.xml; path = Info.plist; sourceTree = "<group>"; };
		3802F7A8E902DE38F50E3B0E /* Pods_Beyond_Management.framework */ = {isa = PBXFileReference; explicitFileType = wrapper.framework; includeInIndex = 0; path = Pods_Beyond_Management.framework; sourceTree = BUILT_PRODUCTS_DIR; };
		9DA687AA5C22A69EAE8A45C6 /* Pods-Beyond Management.release.xcconfig */ = {isa = PBXFileReference; includeInIndex = 1; lastKnownFileType = text.xcconfig; name = "Pods-Beyond Management.release.xcconfig"; path = "Pods/Target Support Files/Pods-Beyond Management/Pods-Beyond Management.release.xcconfig"; sourceTree = "<group>"; };
		A6DA798B7F949DBFE27C8EC3 /* Pods-Beyond Management.debug.xcconfig */ = {isa = PBXFileReference; includeInIndex = 1; lastKnownFileType = text.xcconfig; name = "Pods-Beyond Management.debug.xcconfig"; path = "Pods/Target Support Files/Pods-Beyond Management/Pods-Beyond Management.debug.xcconfig"; sourceTree = "<group>"; };
/* End PBXFileReference section */

/* Begin PBXFrameworksBuildPhase section */
		33F74FB41FD232BC0087472F /* Frameworks */ = {
			isa = PBXFrameworksBuildPhase;
			buildActionMask = 2147483647;
			files = (
				BD7FCA6312D7C802CE6D6E09 /* Pods_Beyond_Management.framework in Frameworks */,
			);
			runOnlyForDeploymentPostprocessing = 0;
		};
/* End PBXFrameworksBuildPhase section */

/* Begin PBXGroup section */
		12A783F13D9D259E7C566846 /* Pods */ = {
			isa = PBXGroup;
			children = (
				A6DA798B7F949DBFE27C8EC3 /* Pods-Beyond Management.debug.xcconfig */,
				9DA687AA5C22A69EAE8A45C6 /* Pods-Beyond Management.release.xcconfig */,
			);
			name = Pods;
			sourceTree = "<group>";
		};
		3366E3311FD7630D0009B7AC /* Helper */ = {
			isa = PBXGroup;
			children = (
				332D18E21FE9D3EB00AFE3A5 /* Extensions.swift */,
				3366E3321FD763240009B7AC /* Urls.swift */,
			);
			path = Helper;
			sourceTree = "<group>";
		};
		3397B3C81FD6871500351A26 /* Controllers */ = {
			isa = PBXGroup;
			children = (
				332D18E61FEA021E00AFE3A5 /* SideMenuVC.swift */,
				332D18E41FE9DA7200AFE3A5 /* SplashVC.swift */,
				33F74FBC1FD232BC0087472F /* LoginVC.swift */,
				3397B3C61FD6870E00351A26 /* RegisterVC.swift */,
				33E5C46A2029EEB40073998E /* RegisterTVC.swift */,
				3397B3C91FD6896A00351A26 /* VisaServicesTVC.swift */,
				33AE771E1FDA4DCE00BE0228 /* VisaOptionsTVC.swift */,
				332D18EF1FEA40E800AFE3A5 /* ApplicationsTVC.swift */,
				3309FFA7200041E2006D254F /* RequirementsTVC.swift */,
				332D18E81FEA256900AFE3A5 /* AboutVC.swift */,
				332D18EA1FEA257B00AFE3A5 /* ContactVC.swift */,
				334043CF20287DBD00E0FFC5 /* CardDetailsVC.swift */,
				33A7C5B42044212F008FCF82 /* CardDetailsTVC.swift */,
				33A7C5B6204441D9008FCF82 /* MoreInfoTVC.swift */,
			);
			path = Controllers;
			sourceTree = "<group>";
		};
		3397B3CB1FD68B4300351A26 /* Cells */ = {
			isa = PBXGroup;
			children = (
				3397B3CC1FD68B6400351A26 /* VisaServicesTVCell.swift */,
				3309FFA920004277006D254F /* RequirementTVCell.swift */,
			);
			path = Cells;
			sourceTree = "<group>";
		};
		3397B3CE1FD68E2300351A26 /* Models */ = {
			isa = PBXGroup;
			children = (
				3397B3CF1FD68E3300351A26 /* Visa.swift */,
				3309FFA120003747006D254F /* ImmigrationApplication.swift */,
				3309FFA5200041BC006D254F /* Requirement.swift */,
			);
			path = Models;
			sourceTree = "<group>";
		};
		33F74FAE1FD232BC0087472F = {
			isa = PBXGroup;
			children = (
				33F74FB91FD232BC0087472F /* Beyond Management */,
				33F74FB81FD232BC0087472F /* Products */,
				12A783F13D9D259E7C566846 /* Pods */,
				CEECB94F8FFDE3CA2E3CEBF6 /* Frameworks */,
			);
			sourceTree = "<group>";
		};
		33F74FB81FD232BC0087472F /* Products */ = {
			isa = PBXGroup;
			children = (
				33F74FB71FD232BC0087472F /* Beyond Management.app */,
			);
			name = Products;
			sourceTree = "<group>";
		};
		33F74FB91FD232BC0087472F /* Beyond Management */ = {
			isa = PBXGroup;
			children = (
				338C2AF420002668009A4626 /* Beyond Management.entitlements */,
				3366E3311FD7630D0009B7AC /* Helper */,
				3397B3CE1FD68E2300351A26 /* Models */,
				3397B3CB1FD68B4300351A26 /* Cells */,
				3397B3C81FD6871500351A26 /* Controllers */,
				33F74FBA1FD232BC0087472F /* AppDelegate.swift */,
				33F74FBE1FD232BC0087472F /* Main.storyboard */,
				33F74FC11FD232BC0087472F /* Assets.xcassets */,
				33F74FC31FD232BC0087472F /* LaunchScreen.storyboard */,
				332D18ED1FEA3CDE00AFE3A5 /* GoogleService-Info.plist */,
				33F74FC61FD232BC0087472F /* Info.plist */,
			);
			path = "Beyond Management";
			sourceTree = "<group>";
		};
		CEECB94F8FFDE3CA2E3CEBF6 /* Frameworks */ = {
			isa = PBXGroup;
			children = (
				3802F7A8E902DE38F50E3B0E /* Pods_Beyond_Management.framework */,
			);
			name = Frameworks;
			sourceTree = "<group>";
		};
/* End PBXGroup section */

/* Begin PBXNativeTarget section */
		33F74FB61FD232BC0087472F /* Beyond Management */ = {
			isa = PBXNativeTarget;
			buildConfigurationList = 33F74FC91FD232BC0087472F /* Build configuration list for PBXNativeTarget "Beyond Management" */;
			buildPhases = (
				2AFBFF361E0B6BA978B7E6A6 /* [CP] Check Pods Manifest.lock */,
				33F74FB31FD232BC0087472F /* Sources */,
				33F74FB41FD232BC0087472F /* Frameworks */,
				33F74FB51FD232BC0087472F /* Resources */,
				2DA111A5AD994E61B9AEC954 /* [CP] Embed Pods Frameworks */,
				2E259C8959D907FF6566A3D7 /* [CP] Copy Pods Resources */,
				332D18F11FEA461E00AFE3A5 /* ShellScript */,
			);
			buildRules = (
			);
			dependencies = (
			);
			name = "Beyond Management";
			productName = "Beyond Management";
			productReference = 33F74FB71FD232BC0087472F /* Beyond Management.app */;
			productType = "com.apple.product-type.application";
		};
/* End PBXNativeTarget section */

/* Begin PBXProject section */
		33F74FAF1FD232BC0087472F /* Project object */ = {
			isa = PBXProject;
			attributes = {
				LastSwiftUpdateCheck = 0900;
				LastUpgradeCheck = 0900;
				ORGANIZATIONNAME = "Beyond Management";
				TargetAttributes = {
					33F74FB61FD232BC0087472F = {
						CreatedOnToolsVersion = 9.0;
						ProvisioningStyle = Automatic;
						SystemCapabilities = {
							com.apple.ApplePay = {
								enabled = 0;
							};
							com.apple.BackgroundModes = {
								enabled = 1;
							};
							com.apple.Push = {
								enabled = 1;
							};
						};
					};
				};
			};
			buildConfigurationList = 33F74FB21FD232BC0087472F /* Build configuration list for PBXProject "Beyond Management" */;
			compatibilityVersion = "Xcode 8.0";
			developmentRegion = en;
			hasScannedForEncodings = 0;
			knownRegions = (
				en,
				Base,
			);
			mainGroup = 33F74FAE1FD232BC0087472F;
			productRefGroup = 33F74FB81FD232BC0087472F /* Products */;
			projectDirPath = "";
			projectRoot = "";
			targets = (
				33F74FB61FD232BC0087472F /* Beyond Management */,
			);
		};
/* End PBXProject section */

/* Begin PBXResourcesBuildPhase section */
		33F74FB51FD232BC0087472F /* Resources */ = {
			isa = PBXResourcesBuildPhase;
			buildActionMask = 2147483647;
			files = (
				33F74FC51FD232BC0087472F /* LaunchScreen.storyboard in Resources */,
				332D18EE1FEA3D2500AFE3A5 /* GoogleService-Info.plist in Resources */,
				33F74FC21FD232BC0087472F /* Assets.xcassets in Resources */,
				33F74FC01FD232BC0087472F /* Main.storyboard in Resources */,
			);
			runOnlyForDeploymentPostprocessing = 0;
		};
/* End PBXResourcesBuildPhase section */

/* Begin PBXShellScriptBuildPhase section */
		2AFBFF361E0B6BA978B7E6A6 /* [CP] Check Pods Manifest.lock */ = {
			isa = PBXShellScriptBuildPhase;
			buildActionMask = 2147483647;
			files = (
			);
			inputPaths = (
				"${PODS_PODFILE_DIR_PATH}/Podfile.lock",
				"${PODS_ROOT}/Manifest.lock",
			);
			name = "[CP] Check Pods Manifest.lock";
			outputPaths = (
				"$(DERIVED_FILE_DIR)/Pods-Beyond Management-checkManifestLockResult.txt",
			);
			runOnlyForDeploymentPostprocessing = 0;
			shellPath = /bin/sh;
			shellScript = "diff \"${PODS_PODFILE_DIR_PATH}/Podfile.lock\" \"${PODS_ROOT}/Manifest.lock\" > /dev/null\nif [ $? != 0 ] ; then\n    # print error to STDERR\n    echo \"error: The sandbox is not in sync with the Podfile.lock. Run 'pod install' or update your CocoaPods installation.\" >&2\n    exit 1\nfi\n# This output is used by Xcode 'outputs' to avoid re-running this script phase.\necho \"SUCCESS\" > \"${SCRIPT_OUTPUT_FILE_0}\"\n";
			showEnvVarsInLog = 0;
		};
		2DA111A5AD994E61B9AEC954 /* [CP] Embed Pods Frameworks */ = {
			isa = PBXShellScriptBuildPhase;
			buildActionMask = 2147483647;
			files = (
			);
			inputPaths = (
				"${SRCROOT}/Pods/Target Support Files/Pods-Beyond Management/Pods-Beyond Management-frameworks.sh",
				"${BUILT_PRODUCTS_DIR}/Alamofire/Alamofire.framework",
				"${BUILT_PRODUCTS_DIR}/Braintree/Braintree.framework",
				"${BUILT_PRODUCTS_DIR}/BraintreeDropIn/BraintreeDropIn.framework",
				"${BUILT_PRODUCTS_DIR}/GoogleToolboxForMac/GoogleToolboxForMac.framework",
				"${BUILT_PRODUCTS_DIR}/SDWebImage/SDWebImage.framework",
				"${BUILT_PRODUCTS_DIR}/SideMenu/SideMenu.framework",
				"${BUILT_PRODUCTS_DIR}/SideMenuController/SideMenuController.framework",
				"${BUILT_PRODUCTS_DIR}/libwebp/libwebp.framework",
				"${BUILT_PRODUCTS_DIR}/nanopb/nanopb.framework",
			);
			name = "[CP] Embed Pods Frameworks";
			outputPaths = (
				"${TARGET_BUILD_DIR}/${FRAMEWORKS_FOLDER_PATH}/Alamofire.framework",
				"${TARGET_BUILD_DIR}/${FRAMEWORKS_FOLDER_PATH}/Braintree.framework",
				"${TARGET_BUILD_DIR}/${FRAMEWORKS_FOLDER_PATH}/BraintreeDropIn.framework",
				"${TARGET_BUILD_DIR}/${FRAMEWORKS_FOLDER_PATH}/GoogleToolboxForMac.framework",
				"${TARGET_BUILD_DIR}/${FRAMEWORKS_FOLDER_PATH}/SDWebImage.framework",
				"${TARGET_BUILD_DIR}/${FRAMEWORKS_FOLDER_PATH}/SideMenu.framework",
				"${TARGET_BUILD_DIR}/${FRAMEWORKS_FOLDER_PATH}/SideMenuController.framework",
				"${TARGET_BUILD_DIR}/${FRAMEWORKS_FOLDER_PATH}/libwebp.framework",
				"${TARGET_BUILD_DIR}/${FRAMEWORKS_FOLDER_PATH}/nanopb.framework",
			);
			runOnlyForDeploymentPostprocessing = 0;
			shellPath = /bin/sh;
			shellScript = "\"${SRCROOT}/Pods/Target Support Files/Pods-Beyond Management/Pods-Beyond Management-frameworks.sh\"\n";
			showEnvVarsInLog = 0;
		};
		2E259C8959D907FF6566A3D7 /* [CP] Copy Pods Resources */ = {
			isa = PBXShellScriptBuildPhase;
			buildActionMask = 2147483647;
			files = (
			);
			inputPaths = (
				"${SRCROOT}/Pods/Target Support Files/Pods-Beyond Management/Pods-Beyond Management-resources.sh",
				"$PODS_CONFIGURATION_BUILD_DIR/BraintreeDropIn/Braintree-UIKit-Localization.bundle",
			);
			name = "[CP] Copy Pods Resources";
			outputPaths = (
				"${TARGET_BUILD_DIR}/${UNLOCALIZED_RESOURCES_FOLDER_PATH}",
			);
			runOnlyForDeploymentPostprocessing = 0;
			shellPath = /bin/sh;
			shellScript = "\"${SRCROOT}/Pods/Target Support Files/Pods-Beyond Management/Pods-Beyond Management-resources.sh\"\n";
			showEnvVarsInLog = 0;
		};
		332D18F11FEA461E00AFE3A5 /* ShellScript */ = {
			isa = PBXShellScriptBuildPhase;
			buildActionMask = 2147483647;
			files = (
			);
			inputPaths = (
			);
			outputPaths = (
			);
			runOnlyForDeploymentPostprocessing = 0;
			shellPath = /bin/sh;
			shellScript = "\"${PODS_ROOT}/Fabric/run\"\n";
		};
/* End PBXShellScriptBuildPhase section */

/* Begin PBXSourcesBuildPhase section */
		33F74FB31FD232BC0087472F /* Sources */ = {
			isa = PBXSourcesBuildPhase;
			buildActionMask = 2147483647;
			files = (
				3309FFA8200041E2006D254F /* RequirementsTVC.swift in Sources */,
				3397B3D01FD68E3300351A26 /* Visa.swift in Sources */,
				332D18E51FE9DA7200AFE3A5 /* SplashVC.swift in Sources */,
				332D18F01FEA40E800AFE3A5 /* ApplicationsTVC.swift in Sources */,
				332D18E31FE9D3EB00AFE3A5 /* Extensions.swift in Sources */,
				33A7C5B52044212F008FCF82 /* CardDetailsTVC.swift in Sources */,
				3397B3CA1FD6896A00351A26 /* VisaServicesTVC.swift in Sources */,
				3397B3C71FD6870E00351A26 /* RegisterVC.swift in Sources */,
				33AE771F1FDA4DCE00BE0228 /* VisaOptionsTVC.swift in Sources */,
				3397B3CD1FD68B6400351A26 /* VisaServicesTVCell.swift in Sources */,
				334043D020287DBD00E0FFC5 /* CardDetailsVC.swift in Sources */,
				3309FFAA20004277006D254F /* RequirementTVCell.swift in Sources */,
				33A7C5B7204441D9008FCF82 /* MoreInfoTVC.swift in Sources */,
				33F74FBD1FD232BC0087472F /* LoginVC.swift in Sources */,
				332D18E91FEA256900AFE3A5 /* AboutVC.swift in Sources */,
				332D18EB1FEA257B00AFE3A5 /* ContactVC.swift in Sources */,
				33E5C46B2029EEB40073998E /* RegisterTVC.swift in Sources */,
				3309FFA220003747006D254F /* ImmigrationApplication.swift in Sources */,
				3366E3331FD763240009B7AC /* Urls.swift in Sources */,
				3309FFA6200041BC006D254F /* Requirement.swift in Sources */,
				33F74FBB1FD232BC0087472F /* AppDelegate.swift in Sources */,
				332D18E71FEA021E00AFE3A5 /* SideMenuVC.swift in Sources */,
			);
			runOnlyForDeploymentPostprocessing = 0;
		};
/* End PBXSourcesBuildPhase section */

/* Begin PBXVariantGroup section */
		33F74FBE1FD232BC0087472F /* Main.storyboard */ = {
			isa = PBXVariantGroup;
			children = (
				33F74FBF1FD232BC0087472F /* Base */,
			);
			name = Main.storyboard;
			sourceTree = "<group>";
		};
		33F74FC31FD232BC0087472F /* LaunchScreen.storyboard */ = {
			isa = PBXVariantGroup;
			children = (
				33F74FC41FD232BC0087472F /* Base */,
			);
			name = LaunchScreen.storyboard;
			sourceTree = "<group>";
		};
/* End PBXVariantGroup section */

/* Begin XCBuildConfiguration section */
		33F74FC71FD232BC0087472F /* Debug */ = {
			isa = XCBuildConfiguration;
			buildSettings = {
				ALWAYS_SEARCH_USER_PATHS = NO;
				CLANG_ANALYZER_NONNULL = YES;
				CLANG_ANALYZER_NUMBER_OBJECT_CONVERSION = YES_AGGRESSIVE;
				CLANG_CXX_LANGUAGE_STANDARD = "gnu++14";
				CLANG_CXX_LIBRARY = "libc++";
				CLANG_ENABLE_MODULES = YES;
				CLANG_ENABLE_OBJC_ARC = YES;
				CLANG_WARN_BLOCK_CAPTURE_AUTORELEASING = YES;
				CLANG_WARN_BOOL_CONVERSION = YES;
				CLANG_WARN_COMMA = YES;
				CLANG_WARN_CONSTANT_CONVERSION = YES;
				CLANG_WARN_DIRECT_OBJC_ISA_USAGE = YES_ERROR;
				CLANG_WARN_DOCUMENTATION_COMMENTS = YES;
				CLANG_WARN_EMPTY_BODY = YES;
				CLANG_WARN_ENUM_CONVERSION = YES;
				CLANG_WARN_INFINITE_RECURSION = YES;
				CLANG_WARN_INT_CONVERSION = YES;
				CLANG_WARN_NON_LITERAL_NULL_CONVERSION = YES;
				CLANG_WARN_OBJC_LITERAL_CONVERSION = YES;
				CLANG_WARN_OBJC_ROOT_CLASS = YES_ERROR;
				CLANG_WARN_RANGE_LOOP_ANALYSIS = YES;
				CLANG_WARN_STRICT_PROTOTYPES = YES;
				CLANG_WARN_SUSPICIOUS_MOVE = YES;
				CLANG_WARN_UNGUARDED_AVAILABILITY = YES_AGGRESSIVE;
				CLANG_WARN_UNREACHABLE_CODE = YES;
				CLANG_WARN__DUPLICATE_METHOD_MATCH = YES;
				CODE_SIGN_IDENTITY = "iPhone Developer";
				COPY_PHASE_STRIP = NO;
				DEBUG_INFORMATION_FORMAT = dwarf;
				ENABLE_STRICT_OBJC_MSGSEND = YES;
				ENABLE_TESTABILITY = YES;
				GCC_C_LANGUAGE_STANDARD = gnu11;
				GCC_DYNAMIC_NO_PIC = NO;
				GCC_NO_COMMON_BLOCKS = YES;
				GCC_OPTIMIZATION_LEVEL = 0;
				GCC_PREPROCESSOR_DEFINITIONS = (
					"DEBUG=1",
					"$(inherited)",
				);
				GCC_WARN_64_TO_32_BIT_CONVERSION = YES;
				GCC_WARN_ABOUT_RETURN_TYPE = YES_ERROR;
				GCC_WARN_UNDECLARED_SELECTOR = YES;
				GCC_WARN_UNINITIALIZED_AUTOS = YES_AGGRESSIVE;
				GCC_WARN_UNUSED_FUNCTION = YES;
				GCC_WARN_UNUSED_VARIABLE = YES;
				IPHONEOS_DEPLOYMENT_TARGET = 11.0;
				MTL_ENABLE_DEBUG_INFO = YES;
				ONLY_ACTIVE_ARCH = YES;
				SDKROOT = iphoneos;
				SWIFT_ACTIVE_COMPILATION_CONDITIONS = DEBUG;
				SWIFT_OPTIMIZATION_LEVEL = "-Onone";
			};
			name = Debug;
		};
		33F74FC81FD232BC0087472F /* Release */ = {
			isa = XCBuildConfiguration;
			buildSettings = {
				ALWAYS_SEARCH_USER_PATHS = NO;
				CLANG_ANALYZER_NONNULL = YES;
				CLANG_ANALYZER_NUMBER_OBJECT_CONVERSION = YES_AGGRESSIVE;
				CLANG_CXX_LANGUAGE_STANDARD = "gnu++14";
				CLANG_CXX_LIBRARY = "libc++";
				CLANG_ENABLE_MODULES = YES;
				CLANG_ENABLE_OBJC_ARC = YES;
				CLANG_WARN_BLOCK_CAPTURE_AUTORELEASING = YES;
				CLANG_WARN_BOOL_CONVERSION = YES;
				CLANG_WARN_COMMA = YES;
				CLANG_WARN_CONSTANT_CONVERSION = YES;
				CLANG_WARN_DIRECT_OBJC_ISA_USAGE = YES_ERROR;
				CLANG_WARN_DOCUMENTATION_COMMENTS = YES;
				CLANG_WARN_EMPTY_BODY = YES;
				CLANG_WARN_ENUM_CONVERSION = YES;
				CLANG_WARN_INFINITE_RECURSION = YES;
				CLANG_WARN_INT_CONVERSION = YES;
				CLANG_WARN_NON_LITERAL_NULL_CONVERSION = YES;
				CLANG_WARN_OBJC_LITERAL_CONVERSION = YES;
				CLANG_WARN_OBJC_ROOT_CLASS = YES_ERROR;
				CLANG_WARN_RANGE_LOOP_ANALYSIS = YES;
				CLANG_WARN_STRICT_PROTOTYPES = YES;
				CLANG_WARN_SUSPICIOUS_MOVE = YES;
				CLANG_WARN_UNGUARDED_AVAILABILITY = YES_AGGRESSIVE;
				CLANG_WARN_UNREACHABLE_CODE = YES;
				CLANG_WARN__DUPLICATE_METHOD_MATCH = YES;
				CODE_SIGN_IDENTITY = "iPhone Developer";
				COPY_PHASE_STRIP = NO;
				DEBUG_INFORMATION_FORMAT = "dwarf-with-dsym";
				ENABLE_NS_ASSERTIONS = NO;
				ENABLE_STRICT_OBJC_MSGSEND = YES;
				GCC_C_LANGUAGE_STANDARD = gnu11;
				GCC_NO_COMMON_BLOCKS = YES;
				GCC_WARN_64_TO_32_BIT_CONVERSION = YES;
				GCC_WARN_ABOUT_RETURN_TYPE = YES_ERROR;
				GCC_WARN_UNDECLARED_SELECTOR = YES;
				GCC_WARN_UNINITIALIZED_AUTOS = YES_AGGRESSIVE;
				GCC_WARN_UNUSED_FUNCTION = YES;
				GCC_WARN_UNUSED_VARIABLE = YES;
				IPHONEOS_DEPLOYMENT_TARGET = 11.0;
				MTL_ENABLE_DEBUG_INFO = NO;
				SDKROOT = iphoneos;
				SWIFT_OPTIMIZATION_LEVEL = "-Owholemodule";
				VALIDATE_PRODUCT = YES;
			};
			name = Release;
		};
		33F74FCA1FD232BC0087472F /* Debug */ = {
			isa = XCBuildConfiguration;
			baseConfigurationReference = A6DA798B7F949DBFE27C8EC3 /* Pods-Beyond Management.debug.xcconfig */;
			buildSettings = {
				ASSETCATALOG_COMPILER_APPICON_NAME = AppIcon;
				CODE_SIGN_ENTITLEMENTS = "Beyond Management/Beyond Management.entitlements";
				"CODE_SIGN_IDENTITY[sdk=iphoneos*]" = "iPhone Developer";
				CODE_SIGN_STYLE = Automatic;
				DEBUG_INFORMATION_FORMAT = "dwarf-with-dsym";
				DEVELOPMENT_TEAM = 29EBVW2774;
				INFOPLIST_FILE = "Beyond Management/Info.plist";
				IPHONEOS_DEPLOYMENT_TARGET = 11.0;
				LD_RUNPATH_SEARCH_PATHS = "$(inherited) @executable_path/Frameworks";
				PRODUCT_BUNDLE_IDENTIFIER = org.beyondmanagement.app;
				PRODUCT_NAME = "$(TARGET_NAME)";
				PROVISIONING_PROFILE = "";
				PROVISIONING_PROFILE_SPECIFIER = "";
				SWIFT_VERSION = 3.0;
				TARGETED_DEVICE_FAMILY = "1,2";
			};
			name = Debug;
		};
		33F74FCB1FD232BC0087472F /* Release */ = {
			isa = XCBuildConfiguration;
			baseConfigurationReference = 9DA687AA5C22A69EAE8A45C6 /* Pods-Beyond Management.release.xcconfig */;
			buildSettings = {
				ASSETCATALOG_COMPILER_APPICON_NAME = AppIcon;
				CODE_SIGN_ENTITLEMENTS = "Beyond Management/Beyond Management.entitlements";
				"CODE_SIGN_IDENTITY[sdk=iphoneos*]" = "iPhone Developer";
				CODE_SIGN_STYLE = Automatic;
				DEVELOPMENT_TEAM = 29EBVW2774;
				INFOPLIST_FILE = "Beyond Management/Info.plist";
				IPHONEOS_DEPLOYMENT_TARGET = 11.0;
				LD_RUNPATH_SEARCH_PATHS = "$(inherited) @executable_path/Frameworks";
				PRODUCT_BUNDLE_IDENTIFIER = org.beyondmanagement.app;
				PRODUCT_NAME = "$(TARGET_NAME)";
				PROVISIONING_PROFILE = "";
				PROVISIONING_PROFILE_SPECIFIER = "";
				SWIFT_VERSION = 3.0;
				TARGETED_DEVICE_FAMILY = "1,2";
			};
			name = Release;
		};
/* End XCBuildConfiguration section */

/* Begin XCConfigurationList section */
		33F74FB21FD232BC0087472F /* Build configuration list for PBXProject "Beyond Management" */ = {
			isa = XCConfigurationList;
			buildConfigurations = (
				33F74FC71FD232BC0087472F /* Debug */,
				33F74FC81FD232BC0087472F /* Release */,
			);
			defaultConfigurationIsVisible = 0;
			defaultConfigurationName = Release;
		};
		33F74FC91FD232BC0087472F /* Build configuration list for PBXNativeTarget "Beyond Management" */ = {
			isa = XCConfigurationList;
			buildConfigurations = (
				33F74FCA1FD232BC0087472F /* Debug */,
				33F74FCB1FD232BC0087472F /* Release */,
			);
			defaultConfigurationIsVisible = 0;
			defaultConfigurationName = Release;
		};
/* End XCConfigurationList section */
	};
	rootObject = 33F74FAF1FD232BC0087472F /* Project object */;
}
